
Microsoft Visual Studio Solution File, Format Version 11.00
# Visual Studio 2010
Project("{FAE04EC0-301F-11D3-BF4B-00C04F79EFBC}") = "Queue Overflow", "Queue Overflow\Queue Overflow.csproj", "{B993E650-DD07-4C78-BF17-FD44679E200F}"
EndProject
Project("{FAE04EC0-301F-11D3-BF4B-00C04F79EFBC}") = "BusinessAccessLayer", "BusinessAccessLayer\BusinessAccessLayer.csproj", "{71B2D303-516C-4FB7-B9EB-12250EAE9CA1}"
EndProject
Project("{FAE04EC0-301F-11D3-BF4B-00C04F79EFBC}") = "DataAccessLayer", "DataAccessLayer\DataAccessLayer.csproj", "{AD90EBBF-A1A6-4355-908A-A0C54142925F}"
EndProject
Project("{FAE04EC0-301F-11D3-BF4B-00C04F79EFBC}") = "WcfServiceRest", "WcfServiceRest\WcfServiceRest.csproj", "{D031261D-8090-492E-8D30-AF9D7859E11C}"
EndProject
Project("{2150E333-8FDC-42A3-9474-1A3956D46DE8}") = "01 Utilities", "01 Utilities", "{517984FA-94C0-45CA-8D6E-9FD8EA59B4CA}"
EndProject
Project("{2150E333-8FDC-42A3-9474-1A3956D46DE8}") = "02 DataAccessLayer", "02 DataAccessLayer", "{E8E0338A-0582-40B3-B020-D4E08B863937}"
EndProject
Project("{2150E333-8FDC-42A3-9474-1A3956D46DE8}") = "03 BusinessAccessLayer", "03 BusinessAccessLayer", "{6D072604-B58F-4767-BA49-43EC1DF8E63E}"
EndProject
Project("{2150E333-8FDC-42A3-9474-1A3956D46DE8}") = "04 WCFServices", "04 WCFServices", "{BA6609B9-1D13-4BAE-8CAC-F555F178CFF6}"
EndProject
Project("{2150E333-8FDC-42A3-9474-1A3956D46DE8}") = "05 WebApplication", "05 WebApplication", "{BE6BCF89-97BA-48B7-AC93-F7A6DEA0D40A}"
EndProject
Project("{FAE04EC0-301F-11D3-BF4B-00C04F79EFBC}") = "Utilities", "UtilityClassLibrary\Utilities.csproj", "{76931B54-9DCC-4316-8C46-66DA830B0B41}"
EndProject
Project("{FAE04EC0-301F-11D3-BF4B-00C04F79EFBC}") = "DataObjects", "DataObjects\DataObjects.csproj", "{0C0EA193-0FEF-49D5-B0FB-1DE94804C9E7}"
EndProject
Project("{2150E333-8FDC-42A3-9474-1A3956D46DE8}") = "DataBase Scripts", "DataBase Scripts", "{BC79A6AB-FD5B-4E46-8883-0F0FB6BAF2A1}"
	ProjectSection(SolutionItems) = preProject
		udsp_Create__User_Schema.sql = udsp_Create__User_Schema.sql
		udsp_User_Create.sql = udsp_User_Create.sql
		udsp_User_Delete.sql = udsp_User_Delete.sql
		udsp_User_Retrieve.sql = udsp_User_Retrieve.sql
		udsp_User_Update.sql = udsp_User_Update.sql
	EndProjectSection
EndProject
Global
	GlobalSection(SolutionConfigurationPlatforms) = preSolution
		Debug|Any CPU = Debug|Any CPU
		Release|Any CPU = Release|Any CPU
	EndGlobalSection
	GlobalSection(ProjectConfigurationPlatforms) = postSolution
		{B993E650-DD07-4C78-BF17-FD44679E200F}.Debug|Any CPU.ActiveCfg = Debug|Any CPU
		{B993E650-DD07-4C78-BF17-FD44679E200F}.Debug|Any CPU.Build.0 = Debug|Any CPU
		{B993E650-DD07-4C78-BF17-FD44679E200F}.Release|Any CPU.ActiveCfg = Release|Any CPU
		{B993E650-DD07-4C78-BF17-FD44679E200F}.Release|Any CPU.Build.0 = Release|Any CPU
		{71B2D303-516C-4FB7-B9EB-12250EAE9CA1}.Debug|Any CPU.ActiveCfg = Debug|Any CPU
		{71B2D303-516C-4FB7-B9EB-12250EAE9CA1}.Debug|Any CPU.Build.0 = Debug|Any CPU
		{71B2D303-516C-4FB7-B9EB-12250EAE9CA1}.Release|Any CPU.ActiveCfg = Release|Any CPU
		{71B2D303-516C-4FB7-B9EB-12250EAE9CA1}.Release|Any CPU.Build.0 = Release|Any CPU
		{AD90EBBF-A1A6-4355-908A-A0C54142925F}.Debug|Any CPU.ActiveCfg = Debug|Any CPU
		{AD90EBBF-A1A6-4355-908A-A0C54142925F}.Debug|Any CPU.Build.0 = Debug|Any CPU
		{AD90EBBF-A1A6-4355-908A-A0C54142925F}.Release|Any CPU.ActiveCfg = Release|Any CPU
		{AD90EBBF-A1A6-4355-908A-A0C54142925F}.Release|Any CPU.Build.0 = Release|Any CPU
		{D031261D-8090-492E-8D30-AF9D7859E11C}.Debug|Any CPU.ActiveCfg = Debug|Any CPU
		{D031261D-8090-492E-8D30-AF9D7859E11C}.Debug|Any CPU.Build.0 = Debug|Any CPU
		{D031261D-8090-492E-8D30-AF9D7859E11C}.Release|Any CPU.ActiveCfg = Release|Any CPU
		{D031261D-8090-492E-8D30-AF9D7859E11C}.Release|Any CPU.Build.0 = Release|Any CPU
		{76931B54-9DCC-4316-8C46-66DA830B0B41}.Debug|Any CPU.ActiveCfg = Debug|Any CPU
		{76931B54-9DCC-4316-8C46-66DA830B0B41}.Debug|Any CPU.Build.0 = Debug|Any CPU
		{76931B54-9DCC-4316-8C46-66DA830B0B41}.Release|Any CPU.ActiveCfg = Release|Any CPU
		{76931B54-9DCC-4316-8C46-66DA830B0B41}.Release|Any CPU.Build.0 = Release|Any CPU
		{0C0EA193-0FEF-49D5-B0FB-1DE94804C9E7}.Debug|Any CPU.ActiveCfg = Debug|Any CPU
		{0C0EA193-0FEF-49D5-B0FB-1DE94804C9E7}.Debug|Any CPU.Build.0 = Debug|Any CPU
		{0C0EA193-0FEF-49D5-B0FB-1DE94804C9E7}.Release|Any CPU.ActiveCfg = Release|Any CPU
		{0C0EA193-0FEF-49D5-B0FB-1DE94804C9E7}.Release|Any CPU.Build.0 = Release|Any CPU
	EndGlobalSection
	GlobalSection(SolutionProperties) = preSolution
		HideSolutionNode = FALSE
	EndGlobalSection
	GlobalSection(NestedProjects) = preSolution
		{B993E650-DD07-4C78-BF17-FD44679E200F} = {BE6BCF89-97BA-48B7-AC93-F7A6DEA0D40A}
		{71B2D303-516C-4FB7-B9EB-12250EAE9CA1} = {6D072604-B58F-4767-BA49-43EC1DF8E63E}
		{AD90EBBF-A1A6-4355-908A-A0C54142925F} = {E8E0338A-0582-40B3-B020-D4E08B863937}
		{0C0EA193-0FEF-49D5-B0FB-1DE94804C9E7} = {E8E0338A-0582-40B3-B020-D4E08B863937}
		{BC79A6AB-FD5B-4E46-8883-0F0FB6BAF2A1} = {E8E0338A-0582-40B3-B020-D4E08B863937}
		{D031261D-8090-492E-8D30-AF9D7859E11C} = {BA6609B9-1D13-4BAE-8CAC-F555F178CFF6}
		{76931B54-9DCC-4316-8C46-66DA830B0B41} = {517984FA-94C0-45CA-8D6E-9FD8EA59B4CA}
	EndGlobalSection
EndGlobal
